
Microsoft Visual Studio Solution File, Format Version 12.00
# Visual Studio Version 16
VisualStudioVersion = 16.0.31424.327
MinimumVisualStudioVersion = 10.0.40219.1
Project("{FAE04EC0-301F-11D3-BF4B-00C04F79EFBC}") = "ApiCheckService", "ApiCheckService\ApiCheckService.csproj", "{8C1BCDE2-E8E1-4753-83BC-5E462179B349}"
EndProject
Global
	GlobalSection(SolutionConfigurationPlatforms) = preSolution
		Debug|Any CPU = Debug|Any CPU
		Release|Any CPU = Release|Any CPU
	EndGlobalSection
	GlobalSection(ProjectConfigurationPlatforms) = postSolution
		{8C1BCDE2-E8E1-4753-83BC-5E462179B349}.Debug|Any CPU.ActiveCfg = Debug|Any CPU
		{8C1BCDE2-E8E1-4753-83BC-5E462179B349}.Debug|Any CPU.Build.0 = Debug|Any CPU
		{8C1BCDE2-E8E1-4753-83BC-5E462179B349}.Release|Any CPU.ActiveCfg = Release|Any CPU
		{8C1BCDE2-E8E1-4753-83BC-5E462179B349}.Release|Any CPU.Build.0 = Release|Any CPU
	EndGlobalSection
	GlobalSection(SolutionProperties) = preSolution
		HideSolutionNode = FALSE
	EndGlobalSection
	GlobalSection(ExtensibilityGlobals) = postSolution
		SolutionGuid = {0898BF3F-A0A8-4D03-AB3B-FD632ABB22A9}
	EndGlobalSection
EndGlobal
